github.com/LucianErick/trivy-plugin v0.0.0-20231012183340-f0e26108ac87 h1:WGeDitv6jQe9Kw1XBR25V7JTLzVdSnDxk7WgvGrYNMU=
github.com/LucianErick/trivy-plugin v0.0.0-20231012183340-f0e26108ac87/go.mod h1:QI1Q4vQD6lAh2dTdaiiFxfYUwpyFLGrRkZCeI3MFNls=
golang.org/x/exp v0.0.0-20230905200255-921286631fa9 h1:GoHiUyI/Tp2nVkLI2mCxVkOjsbSXD66ic0XW0js0R9g=
golang.org/x/exp v0.0.0-20230905200255-921286631fa9/go.mod h1:S2oDrQGGwySpoQPVqRShND87VCbxmc6bL1Yd2oYrm6k=