github.com/LucianErick/trivy-plugin v0.0.3 h1:hVdw7T6WkaYI74lotYkm4ng3K4ZuBW3BIW1gHV/Xv8k=
github.com/LucianErick/trivy-plugin v0.0.3/go.mod h1:SG17d4AQxX0khFeQS5TyZy4fFg0nGRZJGwNv5zF2d9w=
golang.org/x/exp v0.0.0-20190121172915-509febef88a4/go.mod h1:CJ0aWSM057203Lf6IL+f9T1iT9GByDxfZKAQTCR3kQA=
golang.org/x/exp v0.0.0-20230905200255-921286631fa9 h1:GoHiUyI/Tp2nVkLI2mCxVkOjsbSXD66ic0XW0js0R9g=
golang.org/x/exp v0.0.0-20230905200255-921286631fa9/go.mod h1:S2oDrQGGwySpoQPVqRShND87VCbxmc6bL1Yd2oYrm6k=
